
Microsoft Visual Studio Solution File, Format Version 12.00
# Visual Studio 14
VisualStudioVersion = 14.0.25420.1
MinimumVisualStudioVersion = 10.0.40219.1
Project("{FAE04EC0-301F-11D3-BF4B-00C04F79EFBC}") = "HotDogFood.Core", "HotDogFood.Core\HotDogFood.Core.csproj", "{0E65E3E4-801E-44D8-A622-970D0A0AF2D4}"
EndProject
Project("{FAE04EC0-301F-11D3-BF4B-00C04F79EFBC}") = "HotDogFoodAndroid", "HotDogFoodAndroid\HotDogFoodAndroid.csproj", "{BA4B1273-8208-4466-8651-0DF71F0EFE9C}"
EndProject
Global
	GlobalSection(SolutionConfigurationPlatforms) = preSolution
		Debug|Any CPU = Debug|Any CPU
		Release|Any CPU = Release|Any CPU
	EndGlobalSection
	GlobalSection(ProjectConfigurationPlatforms) = postSolution
		{0E65E3E4-801E-44D8-A622-970D0A0AF2D4}.Debug|Any CPU.ActiveCfg = Debug|Any CPU
		{0E65E3E4-801E-44D8-A622-970D0A0AF2D4}.Debug|Any CPU.Build.0 = Debug|Any CPU
		{0E65E3E4-801E-44D8-A622-970D0A0AF2D4}.Release|Any CPU.ActiveCfg = Release|Any CPU
		{0E65E3E4-801E-44D8-A622-970D0A0AF2D4}.Release|Any CPU.Build.0 = Release|Any CPU
		{BA4B1273-8208-4466-8651-0DF71F0EFE9C}.Debug|Any CPU.ActiveCfg = Debug|Any CPU
		{BA4B1273-8208-4466-8651-0DF71F0EFE9C}.Debug|Any CPU.Build.0 = Debug|Any CPU
		{BA4B1273-8208-4466-8651-0DF71F0EFE9C}.Debug|Any CPU.Deploy.0 = Debug|Any CPU
		{BA4B1273-8208-4466-8651-0DF71F0EFE9C}.Release|Any CPU.ActiveCfg = Release|Any CPU
		{BA4B1273-8208-4466-8651-0DF71F0EFE9C}.Release|Any CPU.Build.0 = Release|Any CPU
		{BA4B1273-8208-4466-8651-0DF71F0EFE9C}.Release|Any CPU.Deploy.0 = Release|Any CPU
	EndGlobalSection
	GlobalSection(SolutionProperties) = preSolution
		HideSolutionNode = FALSE
	EndGlobalSection
EndGlobal
